{
  "name": "pospaykomunitas",
  "lockfileVersion": 2,
  "requires": true,
  "packages": {
    "": {
      "dependencies": {
        "laravel-echo": "^1.11.7",
        "pusher-js": "^7.1.0-beta"
      }
    },
    "node_modules/laravel-echo": {
      "version": "1.11.7",
      "resolved": "https://registry.npmjs.org/laravel-echo/-/laravel-echo-1.11.7.tgz",
      "integrity": "sha512-LhEZp/RbdtdMlhptJyn452+aXfz+A1UW2bhJM7NROgXhnNgj+6P9BkG9JcPCBMernp5TGkOGI6A0NPbkAWYWGg==",
      "engines": {
        "node": ">=10"
      }
    },
    "node_modules/pusher-js": {
      "version": "7.1.0-beta",
      "resolved": "https://registry.npmjs.org/pusher-js/-/pusher-js-7.1.0-beta.tgz",
      "integrity": "sha512-vs9R5Guy2VW1O3nI0OTa9NQWHkfbEvmkyWDOC469WubhVFwQ5Pa38OgRQetQzA5Ege2SF3iErZBGzY/xXNiKyw==",
      "dependencies": {
        "tweetnacl": "^1.0.3"
      }
    },
    "node_modules/tweetnacl": {
      "version": "1.0.3",
      "resolved": "https://registry.npmjs.org/tweetnacl/-/tweetnacl-1.0.3.tgz",
      "integrity": "sha512-6rt+RN7aOi1nGMyC4Xa5DdYiukl2UWCbcJft7YhxReBGQD7OAM8Pbxw6YMo4r2diNEA8FEmu32YOn9rhaiE5yw=="
    }
  },
  "dependencies": {
    "laravel-echo": {
      "version": "1.11.7",
      "resolved": "https://registry.npmjs.org/laravel-echo/-/laravel-echo-1.11.7.tgz",
      "integrity": "sha512-LhEZp/RbdtdMlhptJyn452+aXfz+A1UW2bhJM7NROgXhnNgj+6P9BkG9JcPCBMernp5TGkOGI6A0NPbkAWYWGg=="
    },
    "pusher-js": {
      "version": "7.1.0-beta",
      "resolved": "https://registry.npmjs.org/pusher-js/-/pusher-js-7.1.0-beta.tgz",
      "integrity": "sha512-vs9R5Guy2VW1O3nI0OTa9NQWHkfbEvmkyWDOC469WubhVFwQ5Pa38OgRQetQzA5Ege2SF3iErZBGzY/xXNiKyw==",
      "requires": {
        "tweetnacl": "^1.0.3"
      }
    },
    "tweetnacl": {
      "version": "1.0.3",
      "resolved": "https://registry.npmjs.org/tweetnacl/-/tweetnacl-1.0.3.tgz",
      "integrity": "sha512-6rt+RN7aOi1nGMyC4Xa5DdYiukl2UWCbcJft7YhxReBGQD7OAM8Pbxw6YMo4r2diNEA8FEmu32YOn9rhaiE5yw=="
    }
  }
}
